
Microsoft Visual Studio Solution File, Format Version 12.00
# Visual Studio Version 17
VisualStudioVersion = 17.8.34525.116
MinimumVisualStudioVersion = 10.0.40219.1
Project("{9A19103F-16F7-4668-BE54-9A1E7A4F7556}") = "TodoList", "TodoList\TodoList.csproj", "{D0816D16-2251-4610-B614-FACA598B0591}"
EndProject
Project("{9A19103F-16F7-4668-BE54-9A1E7A4F7556}") = "Some Calculator", "Some Calculator\Some Calculator.csproj", "{F5124C8D-474B-4BDA-B5D7-D3C8CE03C94E}"
EndProject
Project("{FAE04EC0-301F-11D3-BF4B-00C04F79EFBC}") = "Learning C# Remastered", "Learning C# Remastered\Learning C# Remastered.csproj", "{FE4303EE-1BBD-41F8-BC56-5C02D9992575}"
EndProject
Global
	GlobalSection(SolutionConfigurationPlatforms) = preSolution
		Debug|Any CPU = Debug|Any CPU
		Release|Any CPU = Release|Any CPU
	EndGlobalSection
	GlobalSection(ProjectConfigurationPlatforms) = postSolution
		{D0816D16-2251-4610-B614-FACA598B0591}.Debug|Any CPU.ActiveCfg = Debug|Any CPU
		{D0816D16-2251-4610-B614-FACA598B0591}.Debug|Any CPU.Build.0 = Debug|Any CPU
		{D0816D16-2251-4610-B614-FACA598B0591}.Release|Any CPU.ActiveCfg = Release|Any CPU
		{D0816D16-2251-4610-B614-FACA598B0591}.Release|Any CPU.Build.0 = Release|Any CPU
		{F5124C8D-474B-4BDA-B5D7-D3C8CE03C94E}.Debug|Any CPU.ActiveCfg = Debug|Any CPU
		{F5124C8D-474B-4BDA-B5D7-D3C8CE03C94E}.Debug|Any CPU.Build.0 = Debug|Any CPU
		{F5124C8D-474B-4BDA-B5D7-D3C8CE03C94E}.Release|Any CPU.ActiveCfg = Release|Any CPU
		{F5124C8D-474B-4BDA-B5D7-D3C8CE03C94E}.Release|Any CPU.Build.0 = Release|Any CPU
		{FE4303EE-1BBD-41F8-BC56-5C02D9992575}.Debug|Any CPU.ActiveCfg = Debug|Any CPU
		{FE4303EE-1BBD-41F8-BC56-5C02D9992575}.Debug|Any CPU.Build.0 = Debug|Any CPU
		{FE4303EE-1BBD-41F8-BC56-5C02D9992575}.Release|Any CPU.ActiveCfg = Release|Any CPU
		{FE4303EE-1BBD-41F8-BC56-5C02D9992575}.Release|Any CPU.Build.0 = Release|Any CPU
	EndGlobalSection
	GlobalSection(SolutionProperties) = preSolution
		HideSolutionNode = FALSE
	EndGlobalSection
	GlobalSection(ExtensibilityGlobals) = postSolution
		SolutionGuid = {490B589C-30B5-491D-BAA5-4EE6E91F1822}
	EndGlobalSection
EndGlobal
